{
  "assets": {
    "build-docs-site-script": {
      "path": "scripts/build_docs_site.sh",
      "sha256": "8265a659f3665af1d3f09275eaab51e1b1d2fac0e485d65d3882fca3905d2ac1"
    },
    "check-agent-assets-command": {
      "path": ".claude/commands/check-agent-assets.md",
      "sha256": "511460d9a4d284513c147a10765e5e135c1a24ad5354f8fc181eb4b49832a977"
    },
    "check-agent-assets-script": {
      "path": "scripts/check-agent-assets.sh",
      "sha256": "27cd71797e833ba1faaf03445a11ee87a6ee931dea207bd298c5e03c20cebacf"
    },
    "check-docs-site-script": {
      "path": "scripts/check-docs-site.py",
      "sha256": "4ac6a6ee0e008ab6ee349f483f49913f8ecea8fe5f5a4c7a8de235d04233d645"
    },
    "check-repo-settings-script": {
      "path": "scripts/check-repo-settings.sh",
      "sha256": "96e08480a8c3939a3fab830efa9426d9380a9ba6a2146aa06c751a9a3417b9c5"
    },
    "common-agent-rules": {
      "path": "ai/vendor/template-rs/common-agent-rules.md",
      "sha256": "55b91d3ee445ab7182c9d58dd301e6720d4a86bd2be5ff81bb1ae7561d4867b6"
    },
    "configure-repo-settings-script": {
      "path": "scripts/configure-repo-settings.sh",
      "sha256": "b102085679c54b552468b28d30e102887c9dc8e1a0f692df24b3cda7483688da"
    },
    "create-pr-script": {
      "path": "scripts/create-pr.sh",
      "sha256": "5f172c2ed764866773f093c795df2d3799b2d3db1a2d23f4253969340973397c"
    },
    "createpr-command": {
      "path": ".claude/commands/createpr.md",
      "sha256": "62bc454c8c6fce3b5fa8f6ff1250adb79c022204c08c44b73f0be7818d28091c"
    },
    "docs-workflow": {
      "path": ".github/workflows/docs.yml",
      "sha256": "81e62da7fe381cd26144256e1f5a095d473c83173f875fc3c909f5a6e93a47f8"
    },
    "manifest": {
      "path": "ai/manifest.json",
      "sha256": "76d7e8203381af30ea64efbc1605d8022579d9d35ff14e85b2916f182e341c24"
    },
    "monitor-pr-checks-script": {
      "path": "scripts/monitor-pr-checks.sh",
      "sha256": "035fcde201ecf2558a2521ffce04737b2df4a941cb6d731bed20e600a09886fa"
    },
    "numerical-rust-rules": {
      "path": "ai/vendor/template-rs/numerical-rust-rules.md",
      "sha256": "2e7b14bc37ee0215b40b75c1cdaf565e0ef3843e9f3fa1b1021e9b0d16947908"
    },
    "pr-workflow-rules": {
      "path": "ai/vendor/template-rs/pr-workflow-rules.md",
      "sha256": "c5b3cc0003cf17b337319108c6900b7d7f22f468de83dd90e93f3b239560e0f9"
    },
    "repo-settings": {
      "path": "ai/repo-settings.json",
      "sha256": "29c4faf5a3d7c6753c8d8abe619a5482334aef3539a1875d5dd1bdbca9e92d7d"
    },
    "run-claude-solve-bug-script": {
      "path": "ai/run-claude-solve-bug.sh",
      "sha256": "c7d3ce424fbb895b6aff336e8cd8ab9dd35fb53e4f8a3dd50a4149f303ed91ec"
    },
    "run-codex-solve-bug-script": {
      "path": "ai/run-codex-solve-bug.sh",
      "sha256": "5a910675780923b3f549661b47bb4c357f1fa16de3abad866869eb07eb041a93"
    },
    "solve-bug-issue-prompt": {
      "path": "ai/solve_bug_issue.md",
      "sha256": "db2b4aeb42d241370f167a76b38c512183854cc587bb0f29576446ef47012b8f"
    },
    "sync-agent-assets-command": {
      "path": ".claude/commands/sync-agent-assets.md",
      "sha256": "46c7102ddb6d9277cd6984750cff05c0d1d04c054f67d12e16466ea1f9a4875b"
    },
    "sync-agent-assets-script": {
      "path": "scripts/sync-agent-assets.sh",
      "sha256": "a54d7dcf5f66e54310721c038df84a873814f4ced645c3ea46c10caa9e3368d2"
    }
  },
  "bundle_revision": "6170e66761f71bf31272c13932e2c6a156ad9afb",
  "source_ref": "main",
  "source_repo": "tensor4all/template-rs",
  "synced_at": "2026-05-02T10:37:22Z"
}
