{
  "assets": {
    "build-docs-site-script": {
      "path": "scripts/build_docs_site.sh",
      "sha256": "f2240cf0ecedc6bdf3bb94d9e21ae323145a2c1856053e0bbe8453ab118a219d"
    },
    "check-agent-assets-command": {
      "path": ".claude/commands/check-agent-assets.md",
      "sha256": "511460d9a4d284513c147a10765e5e135c1a24ad5354f8fc181eb4b49832a977"
    },
    "check-agent-assets-script": {
      "path": "scripts/check-agent-assets.sh",
      "sha256": "da0d4eb54a4b751518b3dae32bf6ba8af454707fcf149467cb5c46dc15d3d66a"
    },
    "check-docs-site-script": {
      "path": "scripts/check-docs-site.py",
      "sha256": "6d5a7b057cd11f78d6a80482b70f91cd730049c50462b86d0291de12ddbdcc18"
    },
    "check-repo-settings-script": {
      "path": "scripts/check-repo-settings.sh",
      "sha256": "96e08480a8c3939a3fab830efa9426d9380a9ba6a2146aa06c751a9a3417b9c5"
    },
    "common-agent-rules": {
      "path": "ai/vendor/template-rs/common-agent-rules.md",
      "sha256": "3ee4d2f5ee04374204ce6aca956b6d59501fc27aa80dd7aa7b1f80bfb58b2a43"
    },
    "configure-repo-settings-script": {
      "path": "scripts/configure-repo-settings.sh",
      "sha256": "b102085679c54b552468b28d30e102887c9dc8e1a0f692df24b3cda7483688da"
    },
    "create-pr-script": {
      "path": "scripts/create-pr.sh",
      "sha256": "5f172c2ed764866773f093c795df2d3799b2d3db1a2d23f4253969340973397c"
    },
    "createpr-command": {
      "path": ".claude/commands/createpr.md",
      "sha256": "62bc454c8c6fce3b5fa8f6ff1250adb79c022204c08c44b73f0be7818d28091c"
    },
    "docs-workflow": {
      "path": ".github/workflows/docs.yml",
      "sha256": "50d5c944e9a9f4a4ff186e7aa2c7983ebef090764c30b215f3325641a70cd653"
    },
    "manifest": {
      "path": "ai/manifest.json",
      "sha256": "daa655183d5f326a501876a35288c576885dd8a91bee86b1fd4e4138bd20d5e1"
    },
    "monitor-pr-checks-script": {
      "path": "scripts/monitor-pr-checks.sh",
      "sha256": "035fcde201ecf2558a2521ffce04737b2df4a941cb6d731bed20e600a09886fa"
    },
    "numerical-rust-rules": {
      "path": "ai/vendor/template-rs/numerical-rust-rules.md",
      "sha256": "2e7b14bc37ee0215b40b75c1cdaf565e0ef3843e9f3fa1b1021e9b0d16947908"
    },
    "pr-workflow-rules": {
      "path": "ai/vendor/template-rs/pr-workflow-rules.md",
      "sha256": "c5b3cc0003cf17b337319108c6900b7d7f22f468de83dd90e93f3b239560e0f9"
    },
    "repo-settings": {
      "path": "ai/repo-settings.json",
      "sha256": "29c4faf5a3d7c6753c8d8abe619a5482334aef3539a1875d5dd1bdbca9e92d7d"
    },
    "sync-agent-assets-command": {
      "path": ".claude/commands/sync-agent-assets.md",
      "sha256": "46c7102ddb6d9277cd6984750cff05c0d1d04c054f67d12e16466ea1f9a4875b"
    },
    "sync-agent-assets-script": {
      "path": "scripts/sync-agent-assets.sh",
      "sha256": "be53e83a9ba57bd99f9d2fdde48d9c3262ee80e93b1ee802b34231329080e269"
    }
  },
  "bundle_revision": "f9a2b836869c0bee7f74e29602e29724820af9c1",
  "source_ref": "main",
  "source_repo": "tensor4all/template-rs",
  "synced_at": "2026-03-18T22:05:42Z"
}
